
Microsoft Visual Studio Solution File, Format Version 12.00
# Visual Studio Version 16
VisualStudioVersion = 16.0.29911.84
MinimumVisualStudioVersion = 10.0.40219.1
Project("{FAE04EC0-301F-11D3-BF4B-00C04F79EFBC}") = "TrackerLibrary", "TrackerLibrary\TrackerLibrary.csproj", "{AED392FC-B180-4B26-8D69-855639105327}"
EndProject
Project("{FAE04EC0-301F-11D3-BF4B-00C04F79EFBC}") = "TrackerUI", "TrackerUI\TrackerUI.csproj", "{C6D4EA69-C243-4275-9481-A6606C25E1E0}"
EndProject
Global
	GlobalSection(SolutionConfigurationPlatforms) = preSolution
		Debug|Any CPU = Debug|Any CPU
		Release|Any CPU = Release|Any CPU
	EndGlobalSection
	GlobalSection(ProjectConfigurationPlatforms) = postSolution
		{AED392FC-B180-4B26-8D69-855639105327}.Debug|Any CPU.ActiveCfg = Debug|Any CPU
		{AED392FC-B180-4B26-8D69-855639105327}.Debug|Any CPU.Build.0 = Debug|Any CPU
		{AED392FC-B180-4B26-8D69-855639105327}.Release|Any CPU.ActiveCfg = Release|Any CPU
		{AED392FC-B180-4B26-8D69-855639105327}.Release|Any CPU.Build.0 = Release|Any CPU
		{C6D4EA69-C243-4275-9481-A6606C25E1E0}.Debug|Any CPU.ActiveCfg = Debug|Any CPU
		{C6D4EA69-C243-4275-9481-A6606C25E1E0}.Debug|Any CPU.Build.0 = Debug|Any CPU
		{C6D4EA69-C243-4275-9481-A6606C25E1E0}.Release|Any CPU.ActiveCfg = Release|Any CPU
		{C6D4EA69-C243-4275-9481-A6606C25E1E0}.Release|Any CPU.Build.0 = Release|Any CPU
	EndGlobalSection
	GlobalSection(SolutionProperties) = preSolution
		HideSolutionNode = FALSE
	EndGlobalSection
	GlobalSection(ExtensibilityGlobals) = postSolution
		SolutionGuid = {B66AEBF1-5DE2-4126-B7C1-04AC2791DAED}
	EndGlobalSection
EndGlobal
